
Microsoft Visual Studio Solution File, Format Version 12.00
# Visual Studio Version 17
VisualStudioVersion = 17.0.31717.71
MinimumVisualStudioVersion = 10.0.40219.1
Project("{FAE04EC0-301F-11D3-BF4B-00C04F79EFBC}") = "OHKO", "OHKO\OHKO.csproj", "{11073491-BDBC-4557-AE06-DB4DF2E83D82}"
EndProject
Global
	GlobalSection(SolutionConfigurationPlatforms) = preSolution
		Debug|Any CPU = Debug|Any CPU
		Release|Any CPU = Release|Any CPU
	EndGlobalSection
	GlobalSection(ProjectConfigurationPlatforms) = postSolution
		{11073491-BDBC-4557-AE06-DB4DF2E83D82}.Debug|Any CPU.ActiveCfg = Debug|Any CPU
		{11073491-BDBC-4557-AE06-DB4DF2E83D82}.Debug|Any CPU.Build.0 = Debug|Any CPU
		{11073491-BDBC-4557-AE06-DB4DF2E83D82}.Release|Any CPU.ActiveCfg = Release|Any CPU
		{11073491-BDBC-4557-AE06-DB4DF2E83D82}.Release|Any CPU.Build.0 = Release|Any CPU
	EndGlobalSection
	GlobalSection(SolutionProperties) = preSolution
		HideSolutionNode = FALSE
	EndGlobalSection
	GlobalSection(ExtensibilityGlobals) = postSolution
		SolutionGuid = {02A86A72-5E7F-43EE-960F-538F2543BB59}
	EndGlobalSection
EndGlobal
